// !$*UTF8*$!
{
	archiveVersion = 1;
	classes = {
	};
	objectVersion = 56;
	objects = {

/* Begin PBXBuildFile section */
		6E24DC702AD2BA5E009C24D7 /* BeverageDetailView.swift in Sources */ = {isa = PBXBuildFile; fileRef = 6E24DC6F2AD2BA5E009C24D7 /* BeverageDetailView.swift */; };
		6E24DC722AD2BBFA009C24D7 /* PushNavigationController.swift in Sources */ = {isa = PBXBuildFile; fileRef = 6E24DC712AD2BBFA009C24D7 /* PushNavigationController.swift */; };
		6E8603182AD161B4007FCE95 /* UIKitNavigationApp.swift in Sources */ = {isa = PBXBuildFile; fileRef = 6E8603172AD161B4007FCE95 /* UIKitNavigationApp.swift */; };
		6E86031A2AD161B4007FCE95 /* ContentView.swift in Sources */ = {isa = PBXBuildFile; fileRef = 6E8603192AD161B4007FCE95 /* ContentView.swift */; };
		6E86031C2AD161B5007FCE95 /* Assets.xcassets in Resources */ = {isa = PBXBuildFile; fileRef = 6E86031B2AD161B5007FCE95 /* Assets.xcassets */; };
		6E86031F2AD161B5007FCE95 /* Preview Assets.xcassets in Resources */ = {isa = PBXBuildFile; fileRef = 6E86031E2AD161B5007FCE95 /* Preview Assets.xcassets */; };
		6E86032D2AD165A8007FCE95 /* FoodListViewController.swift in Sources */ = {isa = PBXBuildFile; fileRef = 6E86032C2AD165A8007FCE95 /* FoodListViewController.swift */; };
		6E86032F2AD165D5007FCE95 /* NavigationControllerWrapper.swift in Sources */ = {isa = PBXBuildFile; fileRef = 6E86032E2AD165D5007FCE95 /* NavigationControllerWrapper.swift */; };
		6E8603312AD16705007FCE95 /* FoodDetailView.swift in Sources */ = {isa = PBXBuildFile; fileRef = 6E8603302AD16705007FCE95 /* FoodDetailView.swift */; };
		6E86033A2AD1A335007FCE95 /* UINavigationController.swift in Sources */ = {isa = PBXBuildFile; fileRef = 6E8603392AD1A335007FCE95 /* UINavigationController.swift */; };
/* End PBXBuildFile section */

/* Begin PBXFileReference section */
		6E24DC6F2AD2BA5E009C24D7 /* BeverageDetailView.swift */ = {isa = PBXFileReference; lastKnownFileType = sourcecode.swift; path = BeverageDetailView.swift; sourceTree = "<group>"; };
		6E24DC712AD2BBFA009C24D7 /* PushNavigationController.swift */ = {isa = PBXFileReference; lastKnownFileType = sourcecode.swift; path = PushNavigationController.swift; sourceTree = "<group>"; };
		6E8603142AD161B4007FCE95 /* UIKit Navigation.app */ = {isa = PBXFileReference; explicitFileType = wrapper.application; includeInIndex = 0; path = "UIKit Navigation.app"; sourceTree = BUILT_PRODUCTS_DIR; };
		6E8603172AD161B4007FCE95 /* UIKitNavigationApp.swift */ = {isa = PBXFileReference; lastKnownFileType = sourcecode.swift; path = UIKitNavigationApp.swift; sourceTree = "<group>"; };
		6E8603192AD161B4007FCE95 /* ContentView.swift */ = {isa = PBXFileReference; lastKnownFileType = sourcecode.swift; path = ContentView.swift; sourceTree = "<group>"; };
		6E86031B2AD161B5007FCE95 /* Assets.xcassets */ = {isa = PBXFileReference; lastKnownFileType = folder.assetcatalog; path = Assets.xcassets; sourceTree = "<group>"; };
		6E86031E2AD161B5007FCE95 /* Preview Assets.xcassets */ = {isa = PBXFileReference; lastKnownFileType = folder.assetcatalog; path = "Preview Assets.xcassets"; sourceTree = "<group>"; };
		6E86032C2AD165A8007FCE95 /* FoodListViewController.swift */ = {isa = PBXFileReference; lastKnownFileType = sourcecode.swift; path = FoodListViewController.swift; sourceTree = "<group>"; };
		6E86032E2AD165D5007FCE95 /* NavigationControllerWrapper.swift */ = {isa = PBXFileReference; lastKnownFileType = sourcecode.swift; path = NavigationControllerWrapper.swift; sourceTree = "<group>"; };
		6E8603302AD16705007FCE95 /* FoodDetailView.swift */ = {isa = PBXFileReference; lastKnownFileType = sourcecode.swift; path = FoodDetailView.swift; sourceTree = "<group>"; };
		6E8603392AD1A335007FCE95 /* UINavigationController.swift */ = {isa = PBXFileReference; lastKnownFileType = sourcecode.swift; path = UINavigationController.swift; sourceTree = "<group>"; };
/* End PBXFileReference section */

/* Begin PBXFrameworksBuildPhase section */
		6E8603112AD161B4007FCE95 /* Frameworks */ = {
			isa = PBXFrameworksBuildPhase;
			buildActionMask = 2147483647;
			files = (
			);
			runOnlyForDeploymentPostprocessing = 0;
		};
/* End PBXFrameworksBuildPhase section */

/* Begin PBXGroup section */
		6E24DC732AD2BC88009C24D7 /* SwiftUI */ = {
			isa = PBXGroup;
			children = (
				6E8603192AD161B4007FCE95 /* ContentView.swift */,
				6E8603302AD16705007FCE95 /* FoodDetailView.swift */,
				6E24DC6F2AD2BA5E009C24D7 /* BeverageDetailView.swift */,
			);
			path = SwiftUI;
			sourceTree = "<group>";
		};
		6E24DC742AD2BDFA009C24D7 /* UIViewControllerRepresentable */ = {
			isa = PBXGroup;
			children = (
				6E86032E2AD165D5007FCE95 /* NavigationControllerWrapper.swift */,
			);
			path = UIViewControllerRepresentable;
			sourceTree = "<group>";
		};
		6E24DC752AD2BE0F009C24D7 /* UIKit */ = {
			isa = PBXGroup;
			children = (
				6E24DC742AD2BDFA009C24D7 /* UIViewControllerRepresentable */,
				6E86032C2AD165A8007FCE95 /* FoodListViewController.swift */,
				6E24DC712AD2BBFA009C24D7 /* PushNavigationController.swift */,
			);
			path = UIKit;
			sourceTree = "<group>";
		};
		6E24DC772AD2BE31009C24D7 /* Views */ = {
			isa = PBXGroup;
			children = (
				6E24DC752AD2BE0F009C24D7 /* UIKit */,
				6E24DC732AD2BC88009C24D7 /* SwiftUI */,
			);
			path = Views;
			sourceTree = "<group>";
		};
		6E86030B2AD161B4007FCE95 = {
			isa = PBXGroup;
			children = (
				6E8603162AD161B4007FCE95 /* UIKit Navigation */,
				6E8603152AD161B4007FCE95 /* Products */,
			);
			sourceTree = "<group>";
		};
		6E8603152AD161B4007FCE95 /* Products */ = {
			isa = PBXGroup;
			children = (
				6E8603142AD161B4007FCE95 /* UIKit Navigation.app */,
			);
			name = Products;
			sourceTree = "<group>";
		};
		6E8603162AD161B4007FCE95 /* UIKit Navigation */ = {
			isa = PBXGroup;
			children = (
				6E8603172AD161B4007FCE95 /* UIKitNavigationApp.swift */,
				6E24DC772AD2BE31009C24D7 /* Views */,
				6E8603362AD17845007FCE95 /* Extensions */,
				6E86031B2AD161B5007FCE95 /* Assets.xcassets */,
				6E86031D2AD161B5007FCE95 /* Preview Content */,
			);
			path = "UIKit Navigation";
			sourceTree = "<group>";
		};
		6E86031D2AD161B5007FCE95 /* Preview Content */ = {
			isa = PBXGroup;
			children = (
				6E86031E2AD161B5007FCE95 /* Preview Assets.xcassets */,
			);
			path = "Preview Content";
			sourceTree = "<group>";
		};
		6E8603362AD17845007FCE95 /* Extensions */ = {
			isa = PBXGroup;
			children = (
				6E8603392AD1A335007FCE95 /* UINavigationController.swift */,
			);
			path = Extensions;
			sourceTree = "<group>";
		};
/* End PBXGroup section */

/* Begin PBXNativeTarget section */
		6E8603132AD161B4007FCE95 /* UIKit Navigation */ = {
			isa = PBXNativeTarget;
			buildConfigurationList = 6E8603222AD161B5007FCE95 /* Build configuration list for PBXNativeTarget "UIKit Navigation" */;
			buildPhases = (
				6E8603102AD161B4007FCE95 /* Sources */,
				6E8603112AD161B4007FCE95 /* Frameworks */,
				6E8603122AD161B4007FCE95 /* Resources */,
			);
			buildRules = (
			);
			dependencies = (
			);
			name = "UIKit Navigation";
			productName = "UIKit Navigation";
			productReference = 6E8603142AD161B4007FCE95 /* UIKit Navigation.app */;
			productType = "com.apple.product-type.application";
		};
/* End PBXNativeTarget section */

/* Begin PBXProject section */
		6E86030C2AD161B4007FCE95 /* Project object */ = {
			isa = PBXProject;
			attributes = {
				BuildIndependentTargetsInParallel = 1;
				LastSwiftUpdateCheck = 1500;
				LastUpgradeCheck = 1500;
				TargetAttributes = {
					6E8603132AD161B4007FCE95 = {
						CreatedOnToolsVersion = 15.0;
					};
				};
			};
			buildConfigurationList = 6E86030F2AD161B4007FCE95 /* Build configuration list for PBXProject "UIKit Navigation" */;
			compatibilityVersion = "Xcode 14.0";
			developmentRegion = en;
			hasScannedForEncodings = 0;
			knownRegions = (
				en,
				Base,
			);
			mainGroup = 6E86030B2AD161B4007FCE95;
			productRefGroup = 6E8603152AD161B4007FCE95 /* Products */;
			projectDirPath = "";
			projectRoot = "";
			targets = (
				6E8603132AD161B4007FCE95 /* UIKit Navigation */,
			);
		};
/* End PBXProject section */

/* Begin PBXResourcesBuildPhase section */
		6E8603122AD161B4007FCE95 /* Resources */ = {
			isa = PBXResourcesBuildPhase;
			buildActionMask = 2147483647;
			files = (
				6E86031F2AD161B5007FCE95 /* Preview Assets.xcassets in Resources */,
				6E86031C2AD161B5007FCE95 /* Assets.xcassets in Resources */,
			);
			runOnlyForDeploymentPostprocessing = 0;
		};
/* End PBXResourcesBuildPhase section */

/* Begin PBXSourcesBuildPhase section */
		6E8603102AD161B4007FCE95 /* Sources */ = {
			isa = PBXSourcesBuildPhase;
			buildActionMask = 2147483647;
			files = (
				6E86031A2AD161B4007FCE95 /* ContentView.swift in Sources */,
				6E8603312AD16705007FCE95 /* FoodDetailView.swift in Sources */,
				6E8603182AD161B4007FCE95 /* UIKitNavigationApp.swift in Sources */,
				6E86032D2AD165A8007FCE95 /* FoodListViewController.swift in Sources */,
				6E86032F2AD165D5007FCE95 /* NavigationControllerWrapper.swift in Sources */,
				6E24DC722AD2BBFA009C24D7 /* PushNavigationController.swift in Sources */,
				6E24DC702AD2BA5E009C24D7 /* BeverageDetailView.swift in Sources */,
				6E86033A2AD1A335007FCE95 /* UINavigationController.swift in Sources */,
			);
			runOnlyForDeploymentPostprocessing = 0;
		};
/* End PBXSourcesBuildPhase section */

/* Begin XCBuildConfiguration section */
		6E8603202AD161B5007FCE95 /* Debug */ = {
			isa = XCBuildConfiguration;
			buildSettings = {
				ALWAYS_SEARCH_USER_PATHS = NO;
				ASSETCATALOG_COMPILER_GENERATE_SWIFT_ASSET_SYMBOL_EXTENSIONS = YES;
				CLANG_ANALYZER_NONNULL = YES;
				CLANG_ANALYZER_NUMBER_OBJECT_CONVERSION = YES_AGGRESSIVE;
				CLANG_CXX_LANGUAGE_STANDARD = "gnu++20";
				CLANG_ENABLE_MODULES = YES;
				CLANG_ENABLE_OBJC_ARC = YES;
				CLANG_ENABLE_OBJC_WEAK = YES;
				CLANG_WARN_BLOCK_CAPTURE_AUTORELEASING = YES;
				CLANG_WARN_BOOL_CONVERSION = YES;
				CLANG_WARN_COMMA = YES;
				CLANG_WARN_CONSTANT_CONVERSION = YES;
				CLANG_WARN_DEPRECATED_OBJC_IMPLEMENTATIONS = YES;
				CLANG_WARN_DIRECT_OBJC_ISA_USAGE = YES_ERROR;
				CLANG_WARN_DOCUMENTATION_COMMENTS = YES;
				CLANG_WARN_EMPTY_BODY = YES;
				CLANG_WARN_ENUM_CONVERSION = YES;
				CLANG_WARN_INFINITE_RECURSION = YES;
				CLANG_WARN_INT_CONVERSION = YES;
				CLANG_WARN_NON_LITERAL_NULL_CONVERSION = YES;
				CLANG_WARN_OBJC_IMPLICIT_RETAIN_SELF = YES;
				CLANG_WARN_OBJC_LITERAL_CONVERSION = YES;
				CLANG_WARN_OBJC_ROOT_CLASS = YES_ERROR;
				CLANG_WARN_QUOTED_INCLUDE_IN_FRAMEWORK_HEADER = YES;
				CLANG_WARN_RANGE_LOOP_ANALYSIS = YES;
				CLANG_WARN_STRICT_PROTOTYPES = YES;
				CLANG_WARN_SUSPICIOUS_MOVE = YES;
				CLANG_WARN_UNGUARDED_AVAILABILITY = YES_AGGRESSIVE;
				CLANG_WARN_UNREACHABLE_CODE = YES;
				CLANG_WARN__DUPLICATE_METHOD_MATCH = YES;
				COPY_PHASE_STRIP = NO;
				DEBUG_INFORMATION_FORMAT = dwarf;
				ENABLE_STRICT_OBJC_MSGSEND = YES;
				ENABLE_TESTABILITY = YES;
				ENABLE_USER_SCRIPT_SANDBOXING = YES;
				GCC_C_LANGUAGE_STANDARD = gnu17;
				GCC_DYNAMIC_NO_PIC = NO;
				GCC_NO_COMMON_BLOCKS = YES;
				GCC_OPTIMIZATION_LEVEL = 0;
				GCC_PREPROCESSOR_DEFINITIONS = (
					"DEBUG=1",
					"$(inherited)",
				);
				GCC_WARN_64_TO_32_BIT_CONVERSION = YES;
				GCC_WARN_ABOUT_RETURN_TYPE = YES_ERROR;
				GCC_WARN_UNDECLARED_SELECTOR = YES;
				GCC_WARN_UNINITIALIZED_AUTOS = YES_AGGRESSIVE;
				GCC_WARN_UNUSED_FUNCTION = YES;
				GCC_WARN_UNUSED_VARIABLE = YES;
				IPHONEOS_DEPLOYMENT_TARGET = 17.0;
				LOCALIZATION_PREFERS_STRING_CATALOGS = YES;
				MTL_ENABLE_DEBUG_INFO = INCLUDE_SOURCE;
				MTL_FAST_MATH = YES;
				ONLY_ACTIVE_ARCH = YES;
				SDKROOT = iphoneos;
				SWIFT_ACTIVE_COMPILATION_CONDITIONS = "DEBUG $(inherited)";
				SWIFT_OPTIMIZATION_LEVEL = "-Onone";
			};
			name = Debug;
		};
		6E8603212AD161B5007FCE95 /* Release */ = {
			isa = XCBuildConfiguration;
			buildSettings = {
				ALWAYS_SEARCH_USER_PATHS = NO;
				ASSETCATALOG_COMPILER_GENERATE_SWIFT_ASSET_SYMBOL_EXTENSIONS = YES;
				CLANG_ANALYZER_NONNULL = YES;
				CLANG_ANALYZER_NUMBER_OBJECT_CONVERSION = YES_AGGRESSIVE;
				CLANG_CXX_LANGUAGE_STANDARD = "gnu++20";
				CLANG_ENABLE_MODULES = YES;
				CLANG_ENABLE_OBJC_ARC = YES;
				CLANG_ENABLE_OBJC_WEAK = YES;
				CLANG_WARN_BLOCK_CAPTURE_AUTORELEASING = YES;
				CLANG_WARN_BOOL_CONVERSION = YES;
				CLANG_WARN_COMMA = YES;
				CLANG_WARN_CONSTANT_CONVERSION = YES;
				CLANG_WARN_DEPRECATED_OBJC_IMPLEMENTATIONS = YES;
				CLANG_WARN_DIRECT_OBJC_ISA_USAGE = YES_ERROR;
				CLANG_WARN_DOCUMENTATION_COMMENTS = YES;
				CLANG_WARN_EMPTY_BODY = YES;
				CLANG_WARN_ENUM_CONVERSION = YES;
				CLANG_WARN_INFINITE_RECURSION = YES;
				CLANG_WARN_INT_CONVERSION = YES;
				CLANG_WARN_NON_LITERAL_NULL_CONVERSION = YES;
				CLANG_WARN_OBJC_IMPLICIT_RETAIN_SELF = YES;
				CLANG_WARN_OBJC_LITERAL_CONVERSION = YES;
				CLANG_WARN_OBJC_ROOT_CLASS = YES_ERROR;
				CLANG_WARN_QUOTED_INCLUDE_IN_FRAMEWORK_HEADER = YES;
				CLANG_WARN_RANGE_LOOP_ANALYSIS = YES;
				CLANG_WARN_STRICT_PROTOTYPES = YES;
				CLANG_WARN_SUSPICIOUS_MOVE = YES;
				CLANG_WARN_UNGUARDED_AVAILABILITY = YES_AGGRESSIVE;
				CLANG_WARN_UNREACHABLE_CODE = YES;
				CLANG_WARN__DUPLICATE_METHOD_MATCH = YES;
				COPY_PHASE_STRIP = NO;
				DEBUG_INFORMATION_FORMAT = "dwarf-with-dsym";
				ENABLE_NS_ASSERTIONS = NO;
				ENABLE_STRICT_OBJC_MSGSEND = YES;
				ENABLE_USER_SCRIPT_SANDBOXING = YES;
				GCC_C_LANGUAGE_STANDARD = gnu17;
				GCC_NO_COMMON_BLOCKS = YES;
				GCC_WARN_64_TO_32_BIT_CONVERSION = YES;
				GCC_WARN_ABOUT_RETURN_TYPE = YES_ERROR;
				GCC_WARN_UNDECLARED_SELECTOR = YES;
				GCC_WARN_UNINITIALIZED_AUTOS = YES_AGGRESSIVE;
				GCC_WARN_UNUSED_FUNCTION = YES;
				GCC_WARN_UNUSED_VARIABLE = YES;
				IPHONEOS_DEPLOYMENT_TARGET = 17.0;
				LOCALIZATION_PREFERS_STRING_CATALOGS = YES;
				MTL_ENABLE_DEBUG_INFO = NO;
				MTL_FAST_MATH = YES;
				SDKROOT = iphoneos;
				SWIFT_COMPILATION_MODE = wholemodule;
				VALIDATE_PRODUCT = YES;
			};
			name = Release;
		};
		6E8603232AD161B5007FCE95 /* Debug */ = {
			isa = XCBuildConfiguration;
			buildSettings = {
				ASSETCATALOG_COMPILER_APPICON_NAME = AppIcon;
				ASSETCATALOG_COMPILER_GLOBAL_ACCENT_COLOR_NAME = AccentColor;
				CODE_SIGN_STYLE = Automatic;
				CURRENT_PROJECT_VERSION = 1;
				DEVELOPMENT_ASSET_PATHS = "\"UIKit Navigation/Preview Content\"";
				DEVELOPMENT_TEAM = 87TGB24QRC;
				ENABLE_PREVIEWS = YES;
				GENERATE_INFOPLIST_FILE = YES;
				INFOPLIST_KEY_UIApplicationSceneManifest_Generation = YES;
				INFOPLIST_KEY_UIApplicationSupportsIndirectInputEvents = YES;
				INFOPLIST_KEY_UILaunchScreen_Generation = YES;
				INFOPLIST_KEY_UISupportedInterfaceOrientations_iPad = "UIInterfaceOrientationPortrait UIInterfaceOrientationPortraitUpsideDown UIInterfaceOrientationLandscapeLeft UIInterfaceOrientationLandscapeRight";
				INFOPLIST_KEY_UISupportedInterfaceOrientations_iPhone = "UIInterfaceOrientationPortrait UIInterfaceOrientationLandscapeLeft UIInterfaceOrientationLandscapeRight";
				LD_RUNPATH_SEARCH_PATHS = (
					"$(inherited)",
					"@executable_path/Frameworks",
				);
				MARKETING_VERSION = 1.0;
				PRODUCT_BUNDLE_IDENTIFIER = "com.raeesrajwani.UIKit-Navigation";
				PRODUCT_NAME = "$(TARGET_NAME)";
				SWIFT_EMIT_LOC_STRINGS = YES;
				SWIFT_VERSION = 5.0;
				TARGETED_DEVICE_FAMILY = "1,2";
			};
			name = Debug;
		};
		6E8603242AD161B5007FCE95 /* Release */ = {
			isa = XCBuildConfiguration;
			buildSettings = {
				ASSETCATALOG_COMPILER_APPICON_NAME = AppIcon;
				ASSETCATALOG_COMPILER_GLOBAL_ACCENT_COLOR_NAME = AccentColor;
				CODE_SIGN_STYLE = Automatic;
				CURRENT_PROJECT_VERSION = 1;
				DEVELOPMENT_ASSET_PATHS = "\"UIKit Navigation/Preview Content\"";
				DEVELOPMENT_TEAM = 87TGB24QRC;
				ENABLE_PREVIEWS = YES;
				GENERATE_INFOPLIST_FILE = YES;
				INFOPLIST_KEY_UIApplicationSceneManifest_Generation = YES;
				INFOPLIST_KEY_UIApplicationSupportsIndirectInputEvents = YES;
				INFOPLIST_KEY_UILaunchScreen_Generation = YES;
				INFOPLIST_KEY_UISupportedInterfaceOrientations_iPad = "UIInterfaceOrientationPortrait UIInterfaceOrientationPortraitUpsideDown UIInterfaceOrientationLandscapeLeft UIInterfaceOrientationLandscapeRight";
				INFOPLIST_KEY_UISupportedInterfaceOrientations_iPhone = "UIInterfaceOrientationPortrait UIInterfaceOrientationLandscapeLeft UIInterfaceOrientationLandscapeRight";
				LD_RUNPATH_SEARCH_PATHS = (
					"$(inherited)",
					"@executable_path/Frameworks",
				);
				MARKETING_VERSION = 1.0;
				PRODUCT_BUNDLE_IDENTIFIER = "com.raeesrajwani.UIKit-Navigation";
				PRODUCT_NAME = "$(TARGET_NAME)";
				SWIFT_EMIT_LOC_STRINGS = YES;
				SWIFT_VERSION = 5.0;
				TARGETED_DEVICE_FAMILY = "1,2";
			};
			name = Release;
		};
/* End XCBuildConfiguration section */

/* Begin XCConfigurationList section */
		6E86030F2AD161B4007FCE95 /* Build configuration list for PBXProject "UIKit Navigation" */ = {
			isa = XCConfigurationList;
			buildConfigurations = (
				6E8603202AD161B5007FCE95 /* Debug */,
				6E8603212AD161B5007FCE95 /* Release */,
			);
			defaultConfigurationIsVisible = 0;
			defaultConfigurationName = Release;
		};
		6E8603222AD161B5007FCE95 /* Build configuration list for PBXNativeTarget "UIKit Navigation" */ = {
			isa = XCConfigurationList;
			buildConfigurations = (
				6E8603232AD161B5007FCE95 /* Debug */,
				6E8603242AD161B5007FCE95 /* Release */,
			);
			defaultConfigurationIsVisible = 0;
			defaultConfigurationName = Release;
		};
/* End XCConfigurationList section */
	};
	rootObject = 6E86030C2AD161B4007FCE95 /* Project object */;
}
